# Hash-locked Python quality environment (R8-P0-04).
#
# PROTECTED FILE. Every package the quality controller's Python gates need,
# pinned by VERSION and by the SHA-256 of the exact artefact, transitive
# closure included. Installed by `tools/quality/bootstrap.py` as:
#
#     python3 -m pip install --require-hashes --no-deps -r .quality/requirements.lock
#
# `--require-hashes` makes pip refuse ANY artefact whose digest is not listed
# here, which is what turns "a version string is pinned" into "these exact
# bytes ran". `--no-deps` is deliberate and safe precisely because the closure
# is complete: pip must not be allowed to resolve something unlisted.
#
# Regenerate with:
#     python3 tools/quality/bootstrap.py --relock-python
# which re-resolves from the direct pins in `.quality/requirements.in`, and
# NEVER by editing a digest here by hand.

basedpyright==1.39.10 \
    --hash=sha256:cbd75d83c0be841329bcfef2d2f1182f152a6d975b8eb199e75cf5b8e9a3de78
boolean-py==5.0 \
    --hash=sha256:ef28a70bd43115208441b53a045d1549e2f0ec6e3d08a9d142cbc41c1938e8d9
cachecontrol==0.14.4 \
    --hash=sha256:b7ac014ff72ee199b5f8af1de29d60239954f223e948196fa3d84adaffc71d2b
certifi==2026.7.22 \
    --hash=sha256:62f22742b58a1a33014a2b6b706588a8d7e2a88ae7bd1a6ebe8c992928483775
charset-normalizer==3.5.1 \
    --hash=sha256:c7b742bf31c88566b4bb6335a7f393bb322e580b6bb98df7bd0c25e6e3519ce8
click==8.4.2 \
    --hash=sha256:e6f9f66136c816745b9d65817da91d61d957fb16e02e4dcd0552553c5a197b76
coverage==7.15.4 \
    --hash=sha256:7a2b580774a4786c1053157c0165e04476e03ff293993d7c148eee784a94bae6
crap4py==0.1.1 \
    --hash=sha256:2cdaf28dccfc88313c95f1bacdf99fe19a39efbe9855d981352bb02a7a17a90c
cyclonedx-python-lib==11.12.0 \
    --hash=sha256:0e807521a921a5c3cb8ce1153f8a61d29eedfe76a46aac2796b7c6b573391a54
defusedxml==0.7.1 \
    --hash=sha256:a352e7e428770286cc899e2542b6cdaedb2b4953ff269a210103ec58f6198a61
filelock==3.32.3 \
    --hash=sha256:7f0ca4bcc0e181c60dbbd8aa9ab5b120ebb99e4e064e83636340056f833a1f09
idna==3.19 \
    --hash=sha256:815e7be7a7806d54abb586dc943addc79e8b2ee16915059658cbeff4b1b43bf4
iniconfig==2.3.0 \
    --hash=sha256:f631c04d2c48c52b84d0d0549c99ff3859c98df65b3101406327ecc7d53fbf12
libcst==1.9.0 \
    --hash=sha256:951f13c193e590fc88c9582a5341a130fe53ecece51043cff4bd54e25a5e022d
license-expression==30.4.4 \
    --hash=sha256:421788fdcadb41f049d2dc934ce666626265aeccefddd25e162a26f23bcbf8a4
linkify-it-py==2.1.0 \
    --hash=sha256:0d252c1594ecba2ecedc444053db5d3a9b7ec1b0dd929c8f1d74dce89f86c05e
markdown-it-py==4.2.0 \
    --hash=sha256:9f7ebbcd14fe59494226453aed97c1070d83f8d24b6fc3a3bcf9a38092641c4a
mdit-py-plugins==0.6.1 \
    --hash=sha256:214c82fb2ac524472ab6a5bcab1de80f73b50443e187f401bfd77efbc7c6481d
mdurl==0.1.2 \
    --hash=sha256:84008a41e51615a49fc9966191ff91509e3c40b939176e643fd50a5c2196b8f8
msgpack==1.2.1 \
    --hash=sha256:a28d076ca7c82b9c8728ad90b7147489449557038bed50e4241eb832395169b4
mutmut==3.7.0 \
    --hash=sha256:1d2f9a1bfa4a474b2213df6b17223150b492bf4a85af0eda4fb322297337fb32
nodejs-wheel-binaries==24.19.0 \
    --hash=sha256:4196a947bcc883f2003ab101762d729f3e99b5e86b75bd09151563403e2eceb8
packageurl-python==0.17.6 \
    --hash=sha256:31a85c2717bc41dd818f3c62908685ff9eebcb68588213745b14a6ee9e7df7c9
packaging==26.3 \
    --hash=sha256:d7193f7c8e4e93f444fde0262bf90af30e16fa0ad0ad44cb553c87339b23cd1c
pip==26.2.1 \
    --hash=sha256:71138adf1f4ca900cdb7d289c21b7494329f2332b6d85f0e1c42108c0384ed3e
pip-api==0.0.34 \
    --hash=sha256:8b2d7d7c37f2447373aa2cf8b1f60a2f2b27a84e1e9e0294a3f6ef10eb3ba6bb
pip-audit==2.10.1 \
    --hash=sha256:99ef3f600a317c1945f1e89e227ef26e1c2d618429b8bd3fa6f4f7c440c4611a
pip-requirements-parser==32.0.1 \
    --hash=sha256:4659bc2a667783e7a15d190f6fccf8b2486685b6dba4c19c3876314769c57526
platformdirs==4.11.3 \
    --hash=sha256:5ed065d443751de711da036041a7a214122efc4a4de393b3f4137ba5576540e7
pluggy==1.6.0 \
    --hash=sha256:e920276dd6813095e9377c0bc5566d94c932c33b27a3e3945d8389c374dd4746
py-serializable==2.1.0 \
    --hash=sha256:b56d5d686b5a03ba4f4db5e769dc32336e142fc3bd4d68a8c25579ebb0a67304
pygments==2.21.0 \
    --hash=sha256:2363c69b61c4a97c838da3b130dcd6468f4848992b21a82f2a63ec34377137d9
pyparsing==3.3.2 \
    --hash=sha256:850ba148bd908d7e2411587e247a1e4f0327839c40e2e5e6d05a007ecc69911d
pytest==9.1.1 \
    --hash=sha256:37a86b45efb9a47a61a36449063e8e18d0cab3161329fc099eb21783169c4f0c
pytest-cov==7.1.0 \
    --hash=sha256:a0461110b7865f9a271aa1b51e516c9a95de9d696734a2f71e3e78f46e1d4678
pyyaml==6.0.3 \
    --hash=sha256:b8bb0864c5a28024fac8a632c443c87c5aa6f215c0b126c449ae1a150412f31d
requests==2.34.2 \
    --hash=sha256:2a0d60c172f83ac6ab31e4554906c0f3b3588d37b5cb939b1c061f4907e278e0
rich==15.0.0 \
    --hash=sha256:33bd4ef74232fb73fe9279a257718407f169c09b78a87ad3d296f548e27de0bb
ruff==0.15.8 \
    --hash=sha256:0f29b989a55572fb885b77464cf24af05500806ab4edf9a0fd8977f9759d85b1
setproctitle==1.3.7 \
    --hash=sha256:1607b963e7b53e24ec8a2cb4e0ab3ae591d7c6bf0a160feef0551da63452b37f
sortedcontainers==2.4.0 \
    --hash=sha256:a163dcaede0f1c021485e957a39245190e74249897e2ae4b2aa38595db237ee0
textual==8.2.8 \
    --hash=sha256:267375fd402dc8d981457212efa71f0e3365fd17bba144ba9bb3ed7563cb374a
tomli==2.4.1 \
    --hash=sha256:5a881ab208c0baf688221f8cecc5401bd291d67e38a1ac884d6736cbcd8247e9
tomli-w==1.2.0 \
    --hash=sha256:188306098d013b691fcadc011abd66727d3c414c571bb01b1a174ba8c983cf90
typing-extensions==4.16.0 \
    --hash=sha256:481caa481374e813c1b176ada14e97f1f67a4539ce9cfeb3f350d78d6370c2e8
uc-micro-py==2.0.0 \
    --hash=sha256:3603a3859af53e5a39bc7677713c78ea6589ff188d70f4fee165db88e22b242c
urllib3==2.7.0 \
    --hash=sha256:9fb4c81ebbb1ce9531cce37674bbc6f1360472bc18ca9a553ede278ef7276897
